version = 1
revision = 3
requires-python = ">=3.11"

[[package]]
name = "app"
version = "0.1.0"
source = { virtual = "." }
dependencies = [
    { name = "bcrypt" },
    { name = "passlib", extra = ["bcrypt"] },
    { name = "pyjwt" },
    { name = "pyotp" },
    { name = "pytest" },
    { name = "python-dotenv" },
    { name = "qrcode" },
    { name = "redis" },
]

[package.metadata]
requires-dist = [
    { name = "bcrypt", specifier = "==4.0.1" },
    { name = "passlib", extras = ["bcrypt"], specifier = "==1.7.4" },
    { name = "pyjwt", specifier = ">=2.14.0" },
    { name = "pyotp", specifier = ">=2.10.0" },
    { name = "pytest", specifier = ">=9.1.1" },
    { name = "python-dotenv", specifier = ">=1.2.3" },
    { name = "qrcode", specifier = ">=8.2" },
    { name = "redis", specifier = ">=8.1.0" },
]

[[package]]
name = "async-timeout"
version = "5.0.1"
source = { registry = "https://pypi.org/simple" }
sdist = { url = "https://files.pythonhosted.org/packages/a5/ae/136395dfbfe00dfc94da3f3e136d0b13f394cba8f4841120e34226265780/async_timeout-5.0.1.tar.gz", hash = "sha256:d9321a7a3d5a6a5e187e824d2fa0793ce379a202935782d555d6e9d2735677d3", size = 9274, upload-time = "2024-11-06T16:41:39.6Z" }
wheels = [
    { url = "https://files.pythonhosted.org/packages/fe/ba/e2081de779ca30d473f21f5b30e0e737c438205440784c7dfc81efc2b029/async_timeout-5.0.1-py3-none-any.whl", hash = "sha256:39e3809566ff85354557ec2398b55e096c8364bacac9405a7a1fa429e77fe76c", size = 6233, upload-time = "2024-11-06T16:41:37.9Z" },
]

[[package]]
name = "bcrypt"
version = "4.0.1"
source = { registry = "https://pypi.org/simple" }
sdist = { url = "https://files.pythonhosted.org/packages/8c/ae/3af7d006aacf513975fd1948a6b4d6f8b4a307f8a244e1a3d3774b297aad/bcrypt-4.0.1.tar.gz", hash = "sha256:27d375903ac8261cfe4047f6709d16f7d18d39b1ec92aaf72af989552a650ebd", size = 25498, upload-time = "2022-10-09T15:36:49.775Z" }
wheels = [
    { url = "https://files.pythonhosted.org/packages/78/d4/3b2657bd58ef02b23a07729b0df26f21af97169dbd0b5797afa9e97ebb49/bcrypt-4.0.1-cp36-abi3-macosx_10_10_universal2.whl", hash = "sha256:b1023030aec778185a6c16cf70f359cbb6e0c289fd564a7cfa29e727a1c38f8f", size = 473446, upload-time = "2022-10-09T15:36:25.481Z" },
    { url = "https://files.pythonhosted.org/packages/ec/0a/1582790232fef6c2aa201f345577306b8bfe465c2c665dec04c86a016879/bcrypt-4.0.1-cp36-abi3-manylinux_2_17_aarch64.manylinux2014_aarch64.manylinux_2_24_aarch64.whl", hash = "sha256:08d2947c490093a11416df18043c27abe3921558d2c03e2076ccb28a116cb6d0", size = 583044, upload-time = "2022-10-09T15:37:09.447Z" },
    { url = "https://files.pythonhosted.org/packages/41/16/49ff5146fb815742ad58cafb5034907aa7f166b1344d0ddd7fd1c818bd17/bcrypt-4.0.1-cp36-abi3-manylinux_2_17_aarch64.manylinux2014_aarch64.whl", hash = "sha256:0eaa47d4661c326bfc9d08d16debbc4edf78778e6aaba29c1bc7ce67214d4410", size = 583189, upload-time = "2022-10-09T15:37:10.69Z" },
    { url = "https://files.pythonhosted.org/packages/aa/48/fd2b197a9741fa790ba0b88a9b10b5e88e62ff5cf3e1bc96d8354d7ce613/bcrypt-4.0.1-cp36-abi3-manylinux_2_17_x86_64.manylinux2014_x86_64.whl", hash = "sha256:ae88eca3024bb34bb3430f964beab71226e761f51b912de5133470b649d82344", size = 593473, upload-time = "2022-10-09T15:36:27.195Z" },
    { url = "https://files.pythonhosted.org/packages/7d/50/e683d8418974a602ba40899c8a5c38b3decaf5a4d36c32fc65dce454d8a8/bcrypt-4.0.1-cp36-abi3-manylinux_2_24_x86_64.whl", hash = "sha256:a522427293d77e1c29e303fc282e2d71864579527a04ddcfda6d4f8396c6c36a", size = 593249, upload-time = "2022-10-09T15:36:28.481Z" },
    { url = "https://files.pythonhosted.org/packages/fb/a7/ee4561fd9b78ca23c8e5591c150cc58626a5dfb169345ab18e1c2c664ee0/bcrypt-4.0.1-cp36-abi3-manylinux_2_28_aarch64.whl", hash = "sha256:fbdaec13c5105f0c4e5c52614d04f0bca5f5af007910daa8b6b12095edaa67b3", size = 583586, upload-time = "2022-10-09T15:37:11.962Z" },
    { url = "https://files.pythonhosted.org/packages/64/fe/da28a5916128d541da0993328dc5cf4b43dfbf6655f2c7a2abe26ca2dc88/bcrypt-4.0.1-cp36-abi3-manylinux_2_28_x86_64.whl", hash = "sha256:ca3204d00d3cb2dfed07f2d74a25f12fc12f73e606fcaa6975d1f7ae69cacbb2", size = 593659, upload-time = "2022-10-09T15:36:30.049Z" },
    { url = "https://files.pythonhosted.org/packages/dd/4f/3632a69ce344c1551f7c9803196b191a8181c6a1ad2362c225581ef0d383/bcrypt-4.0.1-cp36-abi3-musllinux_1_1_aarch64.whl", hash = "sha256:089098effa1bc35dc055366740a067a2fc76987e8ec75349eb9484061c54f535", size = 613116, upload-time = "2022-10-09T15:37:14.107Z" },
    { url = "https://files.pythonhosted.org/packages/87/69/edacb37481d360d06fc947dab5734aaf511acb7d1a1f9e2849454376c0f8/bcrypt-4.0.1-cp36-abi3-musllinux_1_1_x86_64.whl", hash = "sha256:e9a51bbfe7e9802b5f3508687758b564069ba937748ad7b9e890086290d2f79e", size = 624290, upload-time = "2022-10-09T15:36:31.251Z" },
    { url = "https://files.pythonhosted.org/packages/aa/ca/6a534669890725cbb8c1fb4622019be31813c8edaa7b6d5b62fc9360a17e/bcrypt-4.0.1-cp36-abi3-win32.whl", hash = "sha256:2caffdae059e06ac23fce178d31b4a702f2a3264c20bfb5ff541b338194d8fab", size = 159428, upload-time = "2022-10-09T15:36:32.893Z" },
    { url = "https://files.pythonhosted.org/packages/46/81/d8c22cd7e5e1c6a7d48e41a1d1d46c92f17dae70a54d9814f746e6027dec/bcrypt-4.0.1-cp36-abi3-win_amd64.whl", hash = "sha256:8a68f4341daf7522fe8d73874de8906f3a339048ba406be6ddc1b3ccb16fc0d9", size = 152930, upload-time = "2022-10-09T15:36:34.635Z" },
]

[[package]]
name = "colorama"
version = "0.4.6"
source = { registry = "https://pypi.org/simple" }
sdist = { url = "https://files.pythonhosted.org/packages/d8/53/6f443c9a4a8358a93a6792e2acffb9d9d5cb0a5cfd8802644b7b1c9a02e4/colorama-0.4.6.tar.gz", hash = "sha256:08695f5cb7ed6e0531a20572697297273c47b8cae5a63ffc6d6ed5c201be6e44", size = 27697, upload-time = "2022-10-25T02:36:22.414Z" }
wheels = [
    { url = "https://files.pythonhosted.org/packages/d1/d6/3965ed04c63042e047cb6a3e6ed1a63a35087b6a609aa3a15ed8ac56c221/colorama-0.4.6-py2.py3-none-any.whl", hash = "sha256:4f1d9991f5acc0ca119f9d443620b77f9d6b33703e51011c16baf57afb285fc6", size = 25335, upload-time = "2022-10-25T02:36:20.889Z" },
]

[[package]]
name = "iniconfig"
version = "2.3.0"
source = { registry = "https://pypi.org/simple" }
sdist = { url = "https://files.pythonhosted.org/packages/72/34/14ca021ce8e5dfedc35312d08ba8bf51fdd999c576889fc2c24cb97f4f10/iniconfig-2.3.0.tar.gz", hash = "sha256:c76315c77db068650d49c5b56314774a7804df16fee4402c1f19d6d15d8c4730", size = 20503, upload-time = "2025-10-18T21:55:43.219Z" }
wheels = [
    { url = "https://files.pythonhosted.org/packages/cb/b1/3846dd7f199d53cb17f49cba7e651e9ce294d8497c8c150530ed11865bb8/iniconfig-2.3.0-py3-none-any.whl", hash = "sha256:f631c04d2c48c52b84d0d0549c99ff3859c98df65b3101406327ecc7d53fbf12", size = 7484, upload-time = "2025-10-18T21:55:41.639Z" },
]

[[package]]
name = "packaging"
version = "26.3"
source = { registry = "https://pypi.org/simple" }
sdist = { url = "https://files.pythonhosted.org/packages/7d/fa/3944b40b07da9ce895c0e6303a5ab7d53da063554f534556b134a54d6093/packaging-26.3.tar.gz", hash = "sha256:94edc256424af38762eb31306eed28beb9f0efc50a8837492c9d6fd6004aed79", size = 313412, upload-time = "2026-08-04T18:15:28.737Z" }
wheels = [
    { url = "https://files.pythonhosted.org/packages/63/34/ba1c580383c9eada3711951fef0795c80b829a078d72188184bcab9dd527/packaging-26.3-py3-none-any.whl", hash = "sha256:d7193f7c8e4e93f444fde0262bf90af30e16fa0ad0ad44cb553c87339b23cd1c", size = 129956, upload-time = "2026-08-04T18:15:27.159Z" },
]

[[package]]
name = "passlib"
version = "1.7.4"
source = { registry = "https://pypi.org/simple" }
sdist = { url = "https://files.pythonhosted.org/packages/b6/06/9da9ee59a67fae7761aab3ccc84fa4f3f33f125b370f1ccdb915bf967c11/passlib-1.7.4.tar.gz", hash = "sha256:defd50f72b65c5402ab2c573830a6978e5f202ad0d984793c8dde2c4152ebe04", size = 689844, upload-time = "2020-10-08T19:00:52.121Z" }
wheels = [
    { url = "https://files.pythonhosted.org/packages/3b/a4/ab6b7589382ca3df236e03faa71deac88cae040af60c071a78d254a62172/passlib-1.7.4-py2.py3-none-any.whl", hash = "sha256:aa6bca462b8d8bda89c70b382f0c298a20b5560af6cbfa2dce410c0a2fb669f1", size = 525554, upload-time = "2020-10-08T19:00:49.856Z" },
]

[package.optional-dependencies]
bcrypt = [
    { name = "bcrypt" },
]

[[package]]
name = "pluggy"
version = "1.6.0"
source = { registry = "https://pypi.org/simple" }
sdist = { url = "https://files.pythonhosted.org/packages/f9/e2/3e91f31a7d2b083fe6ef3fa267035b518369d9511ffab804f839851d2779/pluggy-1.6.0.tar.gz", hash = "sha256:7dcc130b76258d33b90f61b658791dede3486c3e6bfb003ee5c9bfb396dd22f3", size = 69412, upload-time = "2025-05-15T12:30:07.975Z" }
wheels = [
    { url = "https://files.pythonhosted.org/packages/54/20/4d324d65cc6d9205fabedc306948156824eb9f0ee1633355a8f7ec5c66bf/pluggy-1.6.0-py3-none-any.whl", hash = "sha256:e920276dd6813095e9377c0bc5566d94c932c33b27a3e3945d8389c374dd4746", size = 20538, upload-time = "2025-05-15T12:30:06.134Z" },
]

[[package]]
name = "pygments"
version = "2.21.0"
source = { registry = "https://pypi.org/simple" }
sdist = { url = "https://files.pythonhosted.org/packages/49/2e/ced460408999b33da6b31b0021b0f37d329e202d4169aeb164493778f25b/pygments-2.21.0.tar.gz", hash = "sha256:610ca751c9bc2492b38eb9a38a7fbc93edbbb2d7182edaf34e66ae493dee5c8c", size = 5005329, upload-time = "2026-08-17T08:02:48.824Z" }
wheels = [
    { url = "https://files.pythonhosted.org/packages/71/46/17f022dd3e953bf20a04a028a21ec746d942f8d2af30fa0f124fa0e6a684/pygments-2.21.0-py3-none-any.whl", hash = "sha256:2363c69b61c4a97c838da3b130dcd6468f4848992b21a82f2a63ec34377137d9", size = 1250147, upload-time = "2026-08-17T08:02:44.912Z" },
]

[[package]]
name = "pyjwt"
version = "2.14.0"
source = { registry = "https://pypi.org/simple" }
sdist = { url = "https://files.pythonhosted.org/packages/af/c3/8a3b59c25070cc61dc517fbdfa5dc0904670c96f605cc69759dc09166b99/pyjwt-2.14.0.tar.gz", hash = "sha256:77283c83fb56ecf566a886c757a714bc83668e38156de2cce8263302f42e0b86", size = 113177, upload-time = "2026-09-11T13:11:54.638Z" }
wheels = [
    { url = "https://files.pythonhosted.org/packages/9c/97/672cb32ce0dfea44b740cb7b4f97038463b9cf7c0ead1aacf595572851d6/pyjwt-2.14.0-py3-none-any.whl", hash = "sha256:ad0cef71c756a56e74863c2919cf0985f72decbcfcb550ee2f422e7c62b5eedc", size = 32896, upload-time = "2026-09-11T13:11:53.409Z" },
]

[[package]]
name = "pyotp"
version = "2.10.0"
source = { registry = "https://pypi.org/simple" }
sdist = { url = "https://files.pythonhosted.org/packages/2d/c6/c5d96a86fd0bf6fa1bbb5c5c341ff3208638b692727a683c8289068d9a11/pyotp-2.10.0.tar.gz", hash = "sha256:d01e9703443616b03c57c700b5cbffd56a1f929c1b0f8f03131bc78c1fca9d3f", size = 18625, upload-time = "2026-06-14T03:48:49.221Z" }
wheels = [
    { url = "https://files.pythonhosted.org/packages/65/33/7b83bde70eddaaaaef487751a9c3a5cc0c0be54620ded0e120ebdc401ff9/pyotp-2.10.0-py3-none-any.whl", hash = "sha256:1df2f6a1bcc3bb0716172a5215ddc2f8c7c7fd26a13df9927d52e1746934836c", size = 13768, upload-time = "2026-06-14T03:48:47.831Z" },
]

[[package]]
name = "pytest"
version = "9.1.1"
source = { registry = "https://pypi.org/simple" }
dependencies = [
    { name = "colorama", marker = "sys_platform == 'win32'" },
    { name = "iniconfig" },
    { name = "packaging" },
    { name = "pluggy" },
    { name = "pygments" },
]
sdist = { url = "https://files.pythonhosted.org/packages/e4/47/b9efed96c114afcfa3c9d3fe98a76a1d14c74a9e266d397cf6eb64be5e01/pytest-9.1.1.tar.gz", hash = "sha256:1088fbde8f2b49d95a549a195707afa7a76a3ce9bcadc26b6d71f0ffda5fe313", size = 1636369, upload-time = "2026-06-19T10:58:32.857Z" }
wheels = [
    { url = "https://files.pythonhosted.org/packages/24/25/1de2678b631f5a49215c6c96fff41ba892b0a34df68d6d80292b1b48aa7f/pytest-9.1.1-py3-none-any.whl", hash = "sha256:37a86b45efb9a47a61a36449063e8e18d0cab3161329fc099eb21783169c4f0c", size = 386536, upload-time = "2026-06-19T10:58:31.347Z" },
]

[[package]]
name = "python-dotenv"
version = "1.2.3"
source = { registry = "https://pypi.org/simple" }
sdist = { url = "https://files.pythonhosted.org/packages/6a/53/ed9d74092561d4b01a2ef1349d52cdbc135e526c245f366b089cfca6de49/python_dotenv-1.2.3.tar.gz", hash = "sha256:a20a594dabeaa385725aa239d5244871c143ecb356add8a20fcf23773a6c3a35", size = 58945, upload-time = "2026-08-16T16:54:54.067Z" }
wheels = [
    { url = "https://files.pythonhosted.org/packages/0d/17/c5c6b53ddc18f297992099b3d9ec16c855c0ccc83263a21fe4d1c625ec6c/python_dotenv-1.2.3-py3-none-any.whl", hash = "sha256:904552145e8bfed22162c09dab1c2b9b54fefa7b23ba780f4f26ca0316b0f0d9", size = 22780, upload-time = "2026-08-16T16:54:52.473Z" },
]

[[package]]
name = "qrcode"
version = "8.2"
source = { registry = "https://pypi.org/simple" }
dependencies = [
    { name = "colorama", marker = "sys_platform == 'win32'" },
]
sdist = { url = "https://files.pythonhosted.org/packages/8f/b2/7fc2931bfae0af02d5f53b174e9cf701adbb35f39d69c2af63d4a39f81a9/qrcode-8.2.tar.gz", hash = "sha256:35c3f2a4172b33136ab9f6b3ef1c00260dd2f66f858f24d88418a015f446506c", size = 43317, upload-time = "2025-05-01T15:44:24.726Z" }
wheels = [
    { url = "https://files.pythonhosted.org/packages/dd/b8/d2d6d731733f51684bbf76bf34dab3b70a9148e8f2cef2bb544fccec681a/qrcode-8.2-py3-none-any.whl", hash = "sha256:16e64e0716c14960108e85d853062c9e8bba5ca8252c0b4d0231b9df4060ff4f", size = 45986, upload-time = "2025-05-01T15:44:22.781Z" },
]

[[package]]
name = "redis"
version = "8.1.0"
source = { registry = "https://pypi.org/simple" }
dependencies = [
    { name = "async-timeout", marker = "python_full_version < '3.11.3'" },
]
sdist = { url = "https://files.pythonhosted.org/packages/a8/99/604f0b666d4c616d891cf77ebb9db6bb21601344c051aebf1b72b9ff915f/redis-8.1.0.tar.gz", hash = "sha256:6e1a19beef9225c83efd689c7e6b7da2d5215b1f42cd13b7fc3714d0a09c7b25", size = 5254356, upload-time = "2026-07-30T08:51:00.269Z" }
wheels = [
    { url = "https://files.pythonhosted.org/packages/66/9d/c5731f6e3608663d4d3656fd8d3aecee8b509c3082818f5a13eae925baea/redis-8.1.0-py3-none-any.whl", hash = "sha256:a4fe1aac3d3b3cc791d4b3d5931c5a956045dc951ee74d1c913ee3ac4d2ee9fb", size = 560618, upload-time = "2026-07-30T08:50:58.497Z" },
]
